{
    "version": 3,
    "terraform_version": "0.11.0",
    "serial": 3,
    "lineage": "512e496e-0993-407c-89ec-8e2d43c8c470",
    "modules": [
        {
            "path": [
                "root"
            ],
            "outputs": {
                "master_public_ip": {
                    "sensitive": false,
                    "type": "list",
                    "value": [
                        "34.242.175.45"
                    ]
                },
                "worker1_public_ip": {
                    "sensitive": false,
                    "type": "list",
                    "value": [
                        "34.242.42.103"
                    ]
                },
                "worker2_public_ip": {
                    "sensitive": false,
                    "type": "list",
                    "value": [
                        "54.72.248.199"
                    ]
                }
            },
            "resources": {
                "aws_instance.master": {
                    "type": "aws_instance",
                    "depends_on": [
                        "aws_security_group.sgswarm"
                    ],
                    "primary": {
                        "id": "i-0476357e42d3342ee",
                        "attributes": {
                            "ami": "ami-bb9a6bc2",
                            "associate_public_ip_address": "true",
                            "availability_zone": "eu-west-1a",
                            "disable_api_termination": "false",
                            "ebs_block_device.#": "0",
                            "ebs_optimized": "false",
                            "ephemeral_block_device.#": "0",
                            "iam_instance_profile": "",
                            "id": "i-0476357e42d3342ee",
                            "instance_state": "running",
                            "instance_type": "t2.micro",
                            "ipv6_addresses.#": "0",
                            "key_name": "docker-key",
                            "monitoring": "false",
                            "network_interface.#": "0",
                            "network_interface_id": "eni-4cd6677d",
                            "placement_group": "",
                            "primary_network_interface_id": "eni-4cd6677d",
                            "private_dns": "ip-172-31-21-106.eu-west-1.compute.internal",
                            "private_ip": "172.31.21.106",
                            "public_dns": "ec2-34-242-175-45.eu-west-1.compute.amazonaws.com",
                            "public_ip": "34.242.175.45",
                            "root_block_device.#": "1",
                            "root_block_device.0.delete_on_termination": "true",
                            "root_block_device.0.iops": "100",
                            "root_block_device.0.volume_size": "10",
                            "root_block_device.0.volume_type": "gp2",
                            "security_groups.#": "1",
                            "security_groups.2056818582": "sgswarm",
                            "source_dest_check": "true",
                            "subnet_id": "subnet-7a655d33",
                            "tags.%": "1",
                            "tags.Name": "master",
                            "tenancy": "default",
                            "user_data": "1c77f498bff51b70b226699fb04afda60f617574",
                            "volume_tags.%": "0",
                            "vpc_security_group_ids.#": "0"
                        },
                        "meta": {
                            "e2bfb730-ecaa-11e6-8f88-34363bc7c4c0": {
                                "create": 600000000000,
                                "delete": 600000000000,
                                "update": 600000000000
                            },
                            "schema_version": "1"
                        },
                        "tainted": false
                    },
                    "deposed": [],
                    "provider": "provider.aws"
                },
                "aws_instance.worker1": {
                    "type": "aws_instance",
                    "depends_on": [
                        "aws_security_group.sgswarm"
                    ],
                    "primary": {
                        "id": "i-06c6741766b3fa70a",
                        "attributes": {
                            "ami": "ami-bb9a6bc2",
                            "associate_public_ip_address": "true",
                            "availability_zone": "eu-west-1a",
                            "disable_api_termination": "false",
                            "ebs_block_device.#": "0",
                            "ebs_optimized": "false",
                            "ephemeral_block_device.#": "0",
                            "iam_instance_profile": "",
                            "id": "i-06c6741766b3fa70a",
                            "instance_state": "running",
                            "instance_type": "t2.micro",
                            "ipv6_addresses.#": "0",
                            "key_name": "docker-key",
                            "monitoring": "false",
                            "network_interface.#": "0",
                            "network_interface_id": "eni-95d465a4",
                            "placement_group": "",
                            "primary_network_interface_id": "eni-95d465a4",
                            "private_dns": "ip-172-31-22-101.eu-west-1.compute.internal",
                            "private_ip": "172.31.22.101",
                            "public_dns": "ec2-34-242-42-103.eu-west-1.compute.amazonaws.com",
                            "public_ip": "34.242.42.103",
                            "root_block_device.#": "1",
                            "root_block_device.0.delete_on_termination": "true",
                            "root_block_device.0.iops": "100",
                            "root_block_device.0.volume_size": "10",
                            "root_block_device.0.volume_type": "gp2",
                            "security_groups.#": "1",
                            "security_groups.2056818582": "sgswarm",
                            "source_dest_check": "true",
                            "subnet_id": "subnet-7a655d33",
                            "tags.%": "1",
                            "tags.Name": "worker 1 ",
                            "tenancy": "default",
                            "user_data": "1c77f498bff51b70b226699fb04afda60f617574",
                            "volume_tags.%": "0",
                            "vpc_security_group_ids.#": "0"
                        },
                        "meta": {
                            "e2bfb730-ecaa-11e6-8f88-34363bc7c4c0": {
                                "create": 600000000000,
                                "delete": 600000000000,
                                "update": 600000000000
                            },
                            "schema_version": "1"
                        },
                        "tainted": false
                    },
                    "deposed": [],
                    "provider": "provider.aws"
                },
                "aws_instance.worker2": {
                    "type": "aws_instance",
                    "depends_on": [
                        "aws_security_group.sgswarm"
                    ],
                    "primary": {
                        "id": "i-0b4ee7dc54b60675d",
                        "attributes": {
                            "ami": "ami-bb9a6bc2",
                            "associate_public_ip_address": "true",
                            "availability_zone": "eu-west-1a",
                            "disable_api_termination": "false",
                            "ebs_block_device.#": "0",
                            "ebs_optimized": "false",
                            "ephemeral_block_device.#": "0",
                            "iam_instance_profile": "",
                            "id": "i-0b4ee7dc54b60675d",
                            "instance_state": "running",
                            "instance_type": "t2.micro",
                            "ipv6_addresses.#": "0",
                            "key_name": "docker-key",
                            "monitoring": "false",
                            "network_interface.#": "0",
                            "network_interface_id": "eni-a5d36294",
                            "placement_group": "",
                            "primary_network_interface_id": "eni-a5d36294",
                            "private_dns": "ip-172-31-23-52.eu-west-1.compute.internal",
                            "private_ip": "172.31.23.52",
                            "public_dns": "ec2-54-72-248-199.eu-west-1.compute.amazonaws.com",
                            "public_ip": "54.72.248.199",
                            "root_block_device.#": "1",
                            "root_block_device.0.delete_on_termination": "true",
                            "root_block_device.0.iops": "100",
                            "root_block_device.0.volume_size": "10",
                            "root_block_device.0.volume_type": "gp2",
                            "security_groups.#": "1",
                            "security_groups.2056818582": "sgswarm",
                            "source_dest_check": "true",
                            "subnet_id": "subnet-7a655d33",
                            "tags.%": "1",
                            "tags.Name": "Worker 2",
                            "tenancy": "default",
                            "user_data": "1c77f498bff51b70b226699fb04afda60f617574",
                            "volume_tags.%": "0",
                            "vpc_security_group_ids.#": "0"
                        },
                        "meta": {
                            "e2bfb730-ecaa-11e6-8f88-34363bc7c4c0": {
                                "create": 600000000000,
                                "delete": 600000000000,
                                "update": 600000000000
                            },
                            "schema_version": "1"
                        },
                        "tainted": false
                    },
                    "deposed": [],
                    "provider": "provider.aws"
                },
                "aws_security_group.sgswarm": {
                    "type": "aws_security_group",
                    "depends_on": [],
                    "primary": {
                        "id": "sg-63f99d18",
                        "attributes": {
                            "description": "Managed by Terraform",
                            "egress.#": "1",
                            "egress.1403647648.cidr_blocks.#": "1",
                            "egress.1403647648.cidr_blocks.0": "0.0.0.0/0",
                            "egress.1403647648.description": "",
                            "egress.1403647648.from_port": "0",
                            "egress.1403647648.ipv6_cidr_blocks.#": "0",
                            "egress.1403647648.prefix_list_ids.#": "0",
                            "egress.1403647648.protocol": "tcp",
                            "egress.1403647648.security_groups.#": "0",
                            "egress.1403647648.self": "false",
                            "egress.1403647648.to_port": "65535",
                            "id": "sg-63f99d18",
                            "ingress.#": "2",
                            "ingress.1403647648.cidr_blocks.#": "1",
                            "ingress.1403647648.cidr_blocks.0": "0.0.0.0/0",
                            "ingress.1403647648.description": "",
                            "ingress.1403647648.from_port": "0",
                            "ingress.1403647648.ipv6_cidr_blocks.#": "0",
                            "ingress.1403647648.protocol": "tcp",
                            "ingress.1403647648.security_groups.#": "0",
                            "ingress.1403647648.self": "false",
                            "ingress.1403647648.to_port": "65535",
                            "ingress.1799340084.cidr_blocks.#": "1",
                            "ingress.1799340084.cidr_blocks.0": "0.0.0.0/0",
                            "ingress.1799340084.description": "",
                            "ingress.1799340084.from_port": "-1",
                            "ingress.1799340084.ipv6_cidr_blocks.#": "0",
                            "ingress.1799340084.protocol": "icmp",
                            "ingress.1799340084.security_groups.#": "0",
                            "ingress.1799340084.self": "false",
                            "ingress.1799340084.to_port": "-1",
                            "name": "sgswarm",
                            "owner_id": "434442667797",
                            "revoke_rules_on_delete": "false",
                            "tags.%": "1",
                            "tags.Name": "sgswarm",
                            "vpc_id": "vpc-549b9933"
                        },
                        "meta": {
                            "schema_version": "1"
                        },
                        "tainted": false
                    },
                    "deposed": [],
                    "provider": "provider.aws"
                }
            },
            "depends_on": []
        }
    ]
}
